<Solution>
  <Project Path="Tayx.Graphy.csproj" />
  <Project Path="Game.Ship.csproj" />
  <Project Path="Game.Player.csproj" />
  <Project Path="Game.Gravity.csproj" />
  <Project Path="Game.Core.csproj" />
  <Project Path="Game.UI.csproj" />
  <Project Path="Tayx.Graphy.Editor.csproj" />
</Solution>
